// !$*UTF8*$!
{
	archiveVersion = 1;
	classes = {
	};
	objectVersion = 46;
	objects = {

/* Begin PBXBuildFile section */
		4AD0826B1E7D9F1F00EEF978 /* AppDelegate.swift in Sources */ = {isa = PBXBuildFile; fileRef = 4AD0826A1E7D9F1F00EEF978 /* AppDelegate.swift */; };
		4AD0826D1E7D9F1F00EEF978 /* ViewController.swift in Sources */ = {isa = PBXBuildFile; fileRef = 4AD0826C1E7D9F1F00EEF978 /* ViewController.swift */; };
		4AD082701E7D9F1F00EEF978 /* Main.storyboard in Resources */ = {isa = PBXBuildFile; fileRef = 4AD0826E1E7D9F1F00EEF978 /* Main.storyboard */; };
		4AD082721E7D9F1F00EEF978 /* Assets.xcassets in Resources */ = {isa = PBXBuildFile; fileRef = 4AD082711E7D9F1F00EEF978 /* Assets.xcassets */; };
		4AD082751E7D9F1F00EEF978 /* LaunchScreen.storyboard in Resources */ = {isa = PBXBuildFile; fileRef = 4AD082731E7D9F1F00EEF978 /* LaunchScreen.storyboard */; };
		4AD082801E7D9F2000EEF978 /* WorldTrotterTests.swift in Sources */ = {isa = PBXBuildFile; fileRef = 4AD0827F1E7D9F2000EEF978 /* WorldTrotterTests.swift */; };
		4AD0828B1E7D9F2000EEF978 /* WorldTrotterUITests.swift in Sources */ = {isa = PBXBuildFile; fileRef = 4AD0828A1E7D9F2000EEF978 /* WorldTrotterUITests.swift */; };
/* End PBXBuildFile section */

/* Begin PBXContainerItemProxy section */
		4AD0827C1E7D9F2000EEF978 /* PBXContainerItemProxy */ = {
			isa = PBXContainerItemProxy;
			containerPortal = 4AD0825F1E7D9F1F00EEF978 /* Project object */;
			proxyType = 1;
			remoteGlobalIDString = 4AD082661E7D9F1F00EEF978;
			remoteInfo = WorldTrotter;
		};
		4AD082871E7D9F2000EEF978 /* PBXContainerItemProxy */ = {
			isa = PBXContainerItemProxy;
			containerPortal = 4AD0825F1E7D9F1F00EEF978 /* Project object */;
			proxyType = 1;
			remoteGlobalIDString = 4AD082661E7D9F1F00EEF978;
			remoteInfo = WorldTrotter;
		};
/* End PBXContainerItemProxy section */

/* Begin PBXFileReference section */
		4AD082671E7D9F1F00EEF978 /* WorldTrotter.app */ = {isa = PBXFileReference; explicitFileType = wrapper.application; includeInIndex = 0; path = WorldTrotter.app; sourceTree = BUILT_PRODUCTS_DIR; };
		4AD0826A1E7D9F1F00EEF978 /* AppDelegate.swift */ = {isa = PBXFileReference; lastKnownFileType = sourcecode.swift; path = AppDelegate.swift; sourceTree = "<group>"; };
		4AD0826C1E7D9F1F00EEF978 /* ViewController.swift */ = {isa = PBXFileReference; lastKnownFileType = sourcecode.swift; path = ViewController.swift; sourceTree = "<group>"; };
		4AD0826F1E7D9F1F00EEF978 /* Base */ = {isa = PBXFileReference; lastKnownFileType = file.storyboard; name = Base; path = Base.lproj/Main.storyboard; sourceTree = "<group>"; };
		4AD082711E7D9F1F00EEF978 /* Assets.xcassets */ = {isa = PBXFileReference; lastKnownFileType = folder.assetcatalog; path = Assets.xcassets; sourceTree = "<group>"; };
		4AD082741E7D9F1F00EEF978 /* Base */ = {isa = PBXFileReference; lastKnownFileType = file.storyboard; name = Base; path = Base.lproj/LaunchScreen.storyboard; sourceTree = "<group>"; };
		4AD082761E7D9F1F00EEF978 /* Info.plist */ = {isa = PBXFileReference; lastKnownFileType = text.plist.xml; path = Info.plist; sourceTree = "<group>"; };
		4AD0827B1E7D9F2000EEF978 /* WorldTrotterTests.xctest */ = {isa = PBXFileReference; explicitFileType = wrapper.cfbundle; includeInIndex = 0; path = WorldTrotterTests.xctest; sourceTree = BUILT_PRODUCTS_DIR; };
		4AD0827F1E7D9F2000EEF978 /* WorldTrotterTests.swift */ = {isa = PBXFileReference; lastKnownFileType = sourcecode.swift; path = WorldTrotterTests.swift; sourceTree = "<group>"; };
		4AD082811E7D9F2000EEF978 /* Info.plist */ = {isa = PBXFileReference; lastKnownFileType = text.plist.xml; path = Info.plist; sourceTree = "<group>"; };
		4AD082861E7D9F2000EEF978 /* WorldTrotterUITests.xctest */ = {isa = PBXFileReference; explicitFileType = wrapper.cfbundle; includeInIndex = 0; path = WorldTrotterUITests.xctest; sourceTree = BUILT_PRODUCTS_DIR; };
		4AD0828A1E7D9F2000EEF978 /* WorldTrotterUITests.swift */ = {isa = PBXFileReference; lastKnownFileType = sourcecode.swift; path = WorldTrotterUITests.swift; sourceTree = "<group>"; };
		4AD0828C1E7D9F2000EEF978 /* Info.plist */ = {isa = PBXFileReference; lastKnownFileType = text.plist.xml; path = Info.plist; sourceTree = "<group>"; };
/* End PBXFileReference section */

/* Begin PBXFrameworksBuildPhase section */
		4AD082641E7D9F1F00EEF978 /* Frameworks */ = {
			isa = PBXFrameworksBuildPhase;
			buildActionMask = 2147483647;
			files = (
			);
			runOnlyForDeploymentPostprocessing = 0;
		};
		4AD082781E7D9F2000EEF978 /* Frameworks */ = {
			isa = PBXFrameworksBuildPhase;
			buildActionMask = 2147483647;
			files = (
			);
			runOnlyForDeploymentPostprocessing = 0;
		};
		4AD082831E7D9F2000EEF978 /* Frameworks */ = {
			isa = PBXFrameworksBuildPhase;
			buildActionMask = 2147483647;
			files = (
			);
			runOnlyForDeploymentPostprocessing = 0;
		};
/* End PBXFrameworksBuildPhase section */

/* Begin PBXGroup section */
		4AD0825E1E7D9F1F00EEF978 = {
			isa = PBXGroup;
			children = (
				4AD082691E7D9F1F00EEF978 /* WorldTrotter */,
				4AD0827E1E7D9F2000EEF978 /* WorldTrotterTests */,
				4AD082891E7D9F2000EEF978 /* WorldTrotterUITests */,
				4AD082681E7D9F1F00EEF978 /* Products */,
			);
			sourceTree = "<group>";
		};
		4AD082681E7D9F1F00EEF978 /* Products */ = {
			isa = PBXGroup;
			children = (
				4AD082671E7D9F1F00EEF978 /* WorldTrotter.app */,
				4AD0827B1E7D9F2000EEF978 /* WorldTrotterTests.xctest */,
				4AD082861E7D9F2000EEF978 /* WorldTrotterUITests.xctest */,
			);
			name = Products;
			sourceTree = "<group>";
		};
		4AD082691E7D9F1F00EEF978 /* WorldTrotter */ = {
			isa = PBXGroup;
			children = (
				4AD0826A1E7D9F1F00EEF978 /* AppDelegate.swift */,
				4AD0826C1E7D9F1F00EEF978 /* ViewController.swift */,
				4AD0826E1E7D9F1F00EEF978 /* Main.storyboard */,
				4AD082711E7D9F1F00EEF978 /* Assets.xcassets */,
				4AD082731E7D9F1F00EEF978 /* LaunchScreen.storyboard */,
				4AD082761E7D9F1F00EEF978 /* Info.plist */,
			);
			path = WorldTrotter;
			sourceTree = "<group>";
		};
		4AD0827E1E7D9F2000EEF978 /* WorldTrotterTests */ = {
			isa = PBXGroup;
			children = (
				4AD0827F1E7D9F2000EEF978 /* WorldTrotterTests.swift */,
				4AD082811E7D9F2000EEF978 /* Info.plist */,
			);
			path = WorldTrotterTests;
			sourceTree = "<group>";
		};
		4AD082891E7D9F2000EEF978 /* WorldTrotterUITests */ = {
			isa = PBXGroup;
			children = (
				4AD0828A1E7D9F2000EEF978 /* WorldTrotterUITests.swift */,
				4AD0828C1E7D9F2000EEF978 /* Info.plist */,
			);
			path = WorldTrotterUITests;
			sourceTree = "<group>";
		};
/* End PBXGroup section */

/* Begin PBXNativeTarget section */
		4AD082661E7D9F1F00EEF978 /* WorldTrotter */ = {
			isa = PBXNativeTarget;
			buildConfigurationList = 4AD0828F1E7D9F2000EEF978 /* Build configuration list for PBXNativeTarget "WorldTrotter" */;
			buildPhases = (
				4AD082631E7D9F1F00EEF978 /* Sources */,
				4AD082641E7D9F1F00EEF978 /* Frameworks */,
				4AD082651E7D9F1F00EEF978 /* Resources */,
			);
			buildRules = (
			);
			dependencies = (
			);
			name = WorldTrotter;
			productName = WorldTrotter;
			productReference = 4AD082671E7D9F1F00EEF978 /* WorldTrotter.app */;
			productType = "com.apple.product-type.application";
		};
		4AD0827A1E7D9F2000EEF978 /* WorldTrotterTests */ = {
			isa = PBXNativeTarget;
			buildConfigurationList = 4AD082921E7D9F2000EEF978 /* Build configuration list for PBXNativeTarget "WorldTrotterTests" */;
			buildPhases = (
				4AD082771E7D9F2000EEF978 /* Sources */,
				4AD082781E7D9F2000EEF978 /* Frameworks */,
				4AD082791E7D9F2000EEF978 /* Resources */,
			);
			buildRules = (
			);
			dependencies = (
				4AD0827D1E7D9F2000EEF978 /* PBXTargetDependency */,
			);
			name = WorldTrotterTests;
			productName = WorldTrotterTests;
			productReference = 4AD0827B1E7D9F2000EEF978 /* WorldTrotterTests.xctest */;
			productType = "com.apple.product-type.bundle.unit-test";
		};
		4AD082851E7D9F2000EEF978 /* WorldTrotterUITests */ = {
			isa = PBXNativeTarget;
			buildConfigurationList = 4AD082951E7D9F2000EEF978 /* Build configuration list for PBXNativeTarget "WorldTrotterUITests" */;
			buildPhases = (
				4AD082821E7D9F2000EEF978 /* Sources */,
				4AD082831E7D9F2000EEF978 /* Frameworks */,
				4AD082841E7D9F2000EEF978 /* Resources */,
			);
			buildRules = (
			);
			dependencies = (
				4AD082881E7D9F2000EEF978 /* PBXTargetDependency */,
			);
			name = WorldTrotterUITests;
			productName = WorldTrotterUITests;
			productReference = 4AD082861E7D9F2000EEF978 /* WorldTrotterUITests.xctest */;
			productType = "com.apple.product-type.bundle.ui-testing";
		};
/* End PBXNativeTarget section */

/* Begin PBXProject section */
		4AD0825F1E7D9F1F00EEF978 /* Project object */ = {
			isa = PBXProject;
			attributes = {
				LastSwiftUpdateCheck = 0820;
				LastUpgradeCheck = 0820;
				ORGANIZATIONNAME = NAVER;
				TargetAttributes = {
					4AD082661E7D9F1F00EEF978 = {
						CreatedOnToolsVersion = 8.2.1;
						ProvisioningStyle = Automatic;
					};
					4AD0827A1E7D9F2000EEF978 = {
						CreatedOnToolsVersion = 8.2.1;
						ProvisioningStyle = Automatic;
						TestTargetID = 4AD082661E7D9F1F00EEF978;
					};
					4AD082851E7D9F2000EEF978 = {
						CreatedOnToolsVersion = 8.2.1;
						ProvisioningStyle = Automatic;
						TestTargetID = 4AD082661E7D9F1F00EEF978;
					};
				};
			};
			buildConfigurationList = 4AD082621E7D9F1F00EEF978 /* Build configuration list for PBXProject "WorldTrotter" */;
			compatibilityVersion = "Xcode 3.2";
			developmentRegion = English;
			hasScannedForEncodings = 0;
			knownRegions = (
				en,
				Base,
			);
			mainGroup = 4AD0825E1E7D9F1F00EEF978;
			productRefGroup = 4AD082681E7D9F1F00EEF978 /* Products */;
			projectDirPath = "";
			projectRoot = "";
			targets = (
				4AD082661E7D9F1F00EEF978 /* WorldTrotter */,
				4AD0827A1E7D9F2000EEF978 /* WorldTrotterTests */,
				4AD082851E7D9F2000EEF978 /* WorldTrotterUITests */,
			);
		};
/* End PBXProject section */

/* Begin PBXResourcesBuildPhase section */
		4AD082651E7D9F1F00EEF978 /* Resources */ = {
			isa = PBXResourcesBuildPhase;
			buildActionMask = 2147483647;
			files = (
				4AD082751E7D9F1F00EEF978 /* LaunchScreen.storyboard in Resources */,
				4AD082721E7D9F1F00EEF978 /* Assets.xcassets in Resources */,
				4AD082701E7D9F1F00EEF978 /* Main.storyboard in Resources */,
			);
			runOnlyForDeploymentPostprocessing = 0;
		};
		4AD082791E7D9F2000EEF978 /* Resources */ = {
			isa = PBXResourcesBuildPhase;
			buildActionMask = 2147483647;
			files = (
			);
			runOnlyForDeploymentPostprocessing = 0;
		};
		4AD082841E7D9F2000EEF978 /* Resources */ = {
			isa = PBXResourcesBuildPhase;
			buildActionMask = 2147483647;
			files = (
			);
			runOnlyForDeploymentPostprocessing = 0;
		};
/* End PBXResourcesBuildPhase section */

/* Begin PBXSourcesBuildPhase section */
		4AD082631E7D9F1F00EEF978 /* Sources */ = {
			isa = PBXSourcesBuildPhase;
			buildActionMask = 2147483647;
			files = (
				4AD0826D1E7D9F1F00EEF978 /* ViewController.swift in Sources */,
				4AD0826B1E7D9F1F00EEF978 /* AppDelegate.swift in Sources */,
			);
			runOnlyForDeploymentPostprocessing = 0;
		};
		4AD082771E7D9F2000EEF978 /* Sources */ = {
			isa = PBXSourcesBuildPhase;
			buildActionMask = 2147483647;
			files = (
				4AD082801E7D9F2000EEF978 /* WorldTrotterTests.swift in Sources */,
			);
			runOnlyForDeploymentPostprocessing = 0;
		};
		4AD082821E7D9F2000EEF978 /* Sources */ = {
			isa = PBXSourcesBuildPhase;
			buildActionMask = 2147483647;
			files = (
				4AD0828B1E7D9F2000EEF978 /* WorldTrotterUITests.swift in Sources */,
			);
			runOnlyForDeploymentPostprocessing = 0;
		};
/* End PBXSourcesBuildPhase section */

/* Begin PBXTargetDependency section */
		4AD0827D1E7D9F2000EEF978 /* PBXTargetDependency */ = {
			isa = PBXTargetDependency;
			target = 4AD082661E7D9F1F00EEF978 /* WorldTrotter */;
			targetProxy = 4AD0827C1E7D9F2000EEF978 /* PBXContainerItemProxy */;
		};
		4AD082881E7D9F2000EEF978 /* PBXTargetDependency */ = {
			isa = PBXTargetDependency;
			target = 4AD082661E7D9F1F00EEF978 /* WorldTrotter */;
			targetProxy = 4AD082871E7D9F2000EEF978 /* PBXContainerItemProxy */;
		};
/* End PBXTargetDependency section */

/* Begin PBXVariantGroup section */
		4AD0826E1E7D9F1F00EEF978 /* Main.storyboard */ = {
			isa = PBXVariantGroup;
			children = (
				4AD0826F1E7D9F1F00EEF978 /* Base */,
			);
			name = Main.storyboard;
			sourceTree = "<group>";
		};
		4AD082731E7D9F1F00EEF978 /* LaunchScreen.storyboard */ = {
			isa = PBXVariantGroup;
			children = (
				4AD082741E7D9F1F00EEF978 /* Base */,
			);
			name = LaunchScreen.storyboard;
			sourceTree = "<group>";
		};
/* End PBXVariantGroup section */

/* Begin XCBuildConfiguration section */
		4AD0828D1E7D9F2000EEF978 /* Debug */ = {
			isa = XCBuildConfiguration;
			buildSettings = {
				ALWAYS_SEARCH_USER_PATHS = NO;
				CLANG_ANALYZER_NONNULL = YES;
				CLANG_CXX_LANGUAGE_STANDARD = "gnu++0x";
				CLANG_CXX_LIBRARY = "libc++";
				CLANG_ENABLE_MODULES = YES;
				CLANG_ENABLE_OBJC_ARC = YES;
				CLANG_WARN_BOOL_CONVERSION = YES;
				CLANG_WARN_CONSTANT_CONVERSION = YES;
				CLANG_WARN_DIRECT_OBJC_ISA_USAGE = YES_ERROR;
				CLANG_WARN_DOCUMENTATION_COMMENTS = YES;
				CLANG_WARN_EMPTY_BODY = YES;
				CLANG_WARN_ENUM_CONVERSION = YES;
				CLANG_WARN_INFINITE_RECURSION = YES;
				CLANG_WARN_INT_CONVERSION = YES;
				CLANG_WARN_OBJC_ROOT_CLASS = YES_ERROR;
				CLANG_WARN_SUSPICIOUS_MOVE = YES;
				CLANG_WARN_UNREACHABLE_CODE = YES;
				CLANG_WARN__DUPLICATE_METHOD_MATCH = YES;
				"CODE_SIGN_IDENTITY[sdk=iphoneos*]" = "iPhone Developer";
				COPY_PHASE_STRIP = NO;
				DEBUG_INFORMATION_FORMAT = dwarf;
				ENABLE_STRICT_OBJC_MSGSEND = YES;
				ENABLE_TESTABILITY = YES;
				GCC_C_LANGUAGE_STANDARD = gnu99;
				GCC_DYNAMIC_NO_PIC = NO;
				GCC_NO_COMMON_BLOCKS = YES;
				GCC_OPTIMIZATION_LEVEL = 0;
				GCC_PREPROCESSOR_DEFINITIONS = (
					"DEBUG=1",
					"$(inherited)",
				);
				GCC_WARN_64_TO_32_BIT_CONVERSION = YES;
				GCC_WARN_ABOUT_RETURN_TYPE = YES_ERROR;
				GCC_WARN_UNDECLARED_SELECTOR = YES;
				GCC_WARN_UNINITIALIZED_AUTOS = YES_AGGRESSIVE;
				GCC_WARN_UNUSED_FUNCTION = YES;
				GCC_WARN_UNUSED_VARIABLE = YES;
				IPHONEOS_DEPLOYMENT_TARGET = 10.2;
				MTL_ENABLE_DEBUG_INFO = YES;
				ONLY_ACTIVE_ARCH = YES;
				SDKROOT = iphoneos;
				SWIFT_ACTIVE_COMPILATION_CONDITIONS = DEBUG;
				SWIFT_OPTIMIZATION_LEVEL = "-Onone";
				TARGETED_DEVICE_FAMILY = "1,2";
			};
			name = Debug;
		};
		4AD0828E1E7D9F2000EEF978 /* Release */ = {
			isa = XCBuildConfiguration;
			buildSettings = {
				ALWAYS_SEARCH_USER_PATHS = NO;
				CLANG_ANALYZER_NONNULL = YES;
				CLANG_CXX_LANGUAGE_STANDARD = "gnu++0x";
				CLANG_CXX_LIBRARY = "libc++";
				CLANG_ENABLE_MODULES = YES;
				CLANG_ENABLE_OBJC_ARC = YES;
				CLANG_WARN_BOOL_CONVERSION = YES;
				CLANG_WARN_CONSTANT_CONVERSION = YES;
				CLANG_WARN_DIRECT_OBJC_ISA_USAGE = YES_ERROR;
				CLANG_WARN_DOCUMENTATION_COMMENTS = YES;
				CLANG_WARN_EMPTY_BODY = YES;
				CLANG_WARN_ENUM_CONVERSION = YES;
				CLANG_WARN_INFINITE_RECURSION = YES;
				CLANG_WARN_INT_CONVERSION = YES;
				CLANG_WARN_OBJC_ROOT_CLASS = YES_ERROR;
				CLANG_WARN_SUSPICIOUS_MOVE = YES;
				CLANG_WARN_UNREACHABLE_CODE = YES;
				CLANG_WARN__DUPLICATE_METHOD_MATCH = YES;
				"CODE_SIGN_IDENTITY[sdk=iphoneos*]" = "iPhone Developer";
				COPY_PHASE_STRIP = NO;
				DEBUG_INFORMATION_FORMAT = "dwarf-with-dsym";
				ENABLE_NS_ASSERTIONS = NO;
				ENABLE_STRICT_OBJC_MSGSEND = YES;
				GCC_C_LANGUAGE_STANDARD = gnu99;
				GCC_NO_COMMON_BLOCKS = YES;
				GCC_WARN_64_TO_32_BIT_CONVERSION = YES;
				GCC_WARN_ABOUT_RETURN_TYPE = YES_ERROR;
				GCC_WARN_UNDECLARED_SELECTOR = YES;
				GCC_WARN_UNINITIALIZED_AUTOS = YES_AGGRESSIVE;
				GCC_WARN_UNUSED_FUNCTION = YES;
				GCC_WARN_UNUSED_VARIABLE = YES;
				IPHONEOS_DEPLOYMENT_TARGET = 10.2;
				MTL_ENABLE_DEBUG_INFO = NO;
				SDKROOT = iphoneos;
				SWIFT_OPTIMIZATION_LEVEL = "-Owholemodule";
				TARGETED_DEVICE_FAMILY = "1,2";
				VALIDATE_PRODUCT = YES;
			};
			name = Release;
		};
		4AD082901E7D9F2000EEF978 /* Debug */ = {
			isa = XCBuildConfiguration;
			buildSettings = {
				ASSETCATALOG_COMPILER_APPICON_NAME = AppIcon;
				INFOPLIST_FILE = WorldTrotter/Info.plist;
				LD_RUNPATH_SEARCH_PATHS = "$(inherited) @executable_path/Frameworks";
				PRODUCT_BUNDLE_IDENTIFIER = com.navercorp.AudioClip.WorldTrotter;
				PRODUCT_NAME = "$(TARGET_NAME)";
				SWIFT_VERSION = 3.0;
			};
			name = Debug;
		};
		4AD082911E7D9F2000EEF978 /* Release */ = {
			isa = XCBuildConfiguration;
			buildSettings = {
				ASSETCATALOG_COMPILER_APPICON_NAME = AppIcon;
				INFOPLIST_FILE = WorldTrotter/Info.plist;
				LD_RUNPATH_SEARCH_PATHS = "$(inherited) @executable_path/Frameworks";
				PRODUCT_BUNDLE_IDENTIFIER = com.navercorp.AudioClip.WorldTrotter;
				PRODUCT_NAME = "$(TARGET_NAME)";
				SWIFT_VERSION = 3.0;
			};
			name = Release;
		};
		4AD082931E7D9F2000EEF978 /* Debug */ = {
			isa = XCBuildConfiguration;
			buildSettings = {
				ALWAYS_EMBED_SWIFT_STANDARD_LIBRARIES = YES;
				BUNDLE_LOADER = "$(TEST_HOST)";
				INFOPLIST_FILE = WorldTrotterTests/Info.plist;
				LD_RUNPATH_SEARCH_PATHS = "$(inherited) @executable_path/Frameworks @loader_path/Frameworks";
				PRODUCT_BUNDLE_IDENTIFIER = com.navercorp.AudioClip.WorldTrotterTests;
				PRODUCT_NAME = "$(TARGET_NAME)";
				SWIFT_VERSION = 3.0;
				TEST_HOST = "$(BUILT_PRODUCTS_DIR)/WorldTrotter.app/WorldTrotter";
			};
			name = Debug;
		};
		4AD082941E7D9F2000EEF978 /* Release */ = {
			isa = XCBuildConfiguration;
			buildSettings = {
				ALWAYS_EMBED_SWIFT_STANDARD_LIBRARIES = YES;
				BUNDLE_LOADER = "$(TEST_HOST)";
				INFOPLIST_FILE = WorldTrotterTests/Info.plist;
				LD_RUNPATH_SEARCH_PATHS = "$(inherited) @executable_path/Frameworks @loader_path/Frameworks";
				PRODUCT_BUNDLE_IDENTIFIER = com.navercorp.AudioClip.WorldTrotterTests;
				PRODUCT_NAME = "$(TARGET_NAME)";
				SWIFT_VERSION = 3.0;
				TEST_HOST = "$(BUILT_PRODUCTS_DIR)/WorldTrotter.app/WorldTrotter";
			};
			name = Release;
		};
		4AD082961E7D9F2000EEF978 /* Debug */ = {
			isa = XCBuildConfiguration;
			buildSettings = {
				ALWAYS_EMBED_SWIFT_STANDARD_LIBRARIES = YES;
				INFOPLIST_FILE = WorldTrotterUITests/Info.plist;
				LD_RUNPATH_SEARCH_PATHS = "$(inherited) @executable_path/Frameworks @loader_path/Frameworks";
				PRODUCT_BUNDLE_IDENTIFIER = com.navercorp.AudioClip.WorldTrotterUITests;
				PRODUCT_NAME = "$(TARGET_NAME)";
				SWIFT_VERSION = 3.0;
				TEST_TARGET_NAME = WorldTrotter;
			};
			name = Debug;
		};
		4AD082971E7D9F2000EEF978 /* Release */ = {
			isa = XCBuildConfiguration;
			buildSettings = {
				ALWAYS_EMBED_SWIFT_STANDARD_LIBRARIES = YES;
				INFOPLIST_FILE = WorldTrotterUITests/Info.plist;
				LD_RUNPATH_SEARCH_PATHS = "$(inherited) @executable_path/Frameworks @loader_path/Frameworks";
				PRODUCT_BUNDLE_IDENTIFIER = com.navercorp.AudioClip.WorldTrotterUITests;
				PRODUCT_NAME = "$(TARGET_NAME)";
				SWIFT_VERSION = 3.0;
				TEST_TARGET_NAME = WorldTrotter;
			};
			name = Release;
		};
/* End XCBuildConfiguration section */

/* Begin XCConfigurationList section */
		4AD082621E7D9F1F00EEF978 /* Build configuration list for PBXProject "WorldTrotter" */ = {
			isa = XCConfigurationList;
			buildConfigurations = (
				4AD0828D1E7D9F2000EEF978 /* Debug */,
				4AD0828E1E7D9F2000EEF978 /* Release */,
			);
			defaultConfigurationIsVisible = 0;
			defaultConfigurationName = Release;
		};
		4AD0828F1E7D9F2000EEF978 /* Build configuration list for PBXNativeTarget "WorldTrotter" */ = {
			isa = XCConfigurationList;
			buildConfigurations = (
				4AD082901E7D9F2000EEF978 /* Debug */,
				4AD082911E7D9F2000EEF978 /* Release */,
			);
			defaultConfigurationIsVisible = 0;
		};
		4AD082921E7D9F2000EEF978 /* Build configuration list for PBXNativeTarget "WorldTrotterTests" */ = {
			isa = XCConfigurationList;
			buildConfigurations = (
				4AD082931E7D9F2000EEF978 /* Debug */,
				4AD082941E7D9F2000EEF978 /* Release */,
			);
			defaultConfigurationIsVisible = 0;
		};
		4AD082951E7D9F2000EEF978 /* Build configuration list for PBXNativeTarget "WorldTrotterUITests" */ = {
			isa = XCConfigurationList;
			buildConfigurations = (
				4AD082961E7D9F2000EEF978 /* Debug */,
				4AD082971E7D9F2000EEF978 /* Release */,
			);
			defaultConfigurationIsVisible = 0;
		};
/* End XCConfigurationList section */
	};
	rootObject = 4AD0825F1E7D9F1F00EEF978 /* Project object */;
}
